// !$*UTF8*$!
{
	archiveVersion = 1;
	classes = {
	};
	objectVersion = 55;
	objects = {

/* Begin PBXBuildFile section */
		03190EB728D9ED460006A517 /* PostsViewModel.swift in Sources */ = {isa = PBXBuildFile; fileRef = 03190EB628D9ED460006A517 /* PostsViewModel.swift */; };
		03190EBA28D9EEB70006A517 /* PostsModel.swift in Sources */ = {isa = PBXBuildFile; fileRef = 03190EB928D9EEB70006A517 /* PostsModel.swift */; };
		03190EBC28D9F6110006A517 /* PostsEntity.swift in Sources */ = {isa = PBXBuildFile; fileRef = 03190EBB28D9F6110006A517 /* PostsEntity.swift */; };
		03190EC428D9FBD00006A517 /* PostsTableViewCell.swift in Sources */ = {isa = PBXBuildFile; fileRef = 03190EC228D9FBD00006A517 /* PostsTableViewCell.swift */; };
		03190EC528D9FBD00006A517 /* PostsTableViewCell.xib in Resources */ = {isa = PBXBuildFile; fileRef = 03190EC328D9FBD00006A517 /* PostsTableViewCell.xib */; };
		03A5624128D8F6FF005CE7CA /* AppDelegate.swift in Sources */ = {isa = PBXBuildFile; fileRef = 03A5624028D8F6FF005CE7CA /* AppDelegate.swift */; };
		03A5624328D8F6FF005CE7CA /* SceneDelegate.swift in Sources */ = {isa = PBXBuildFile; fileRef = 03A5624228D8F6FF005CE7CA /* SceneDelegate.swift */; };
		03A5624528D8F6FF005CE7CA /* PostsViewController.swift in Sources */ = {isa = PBXBuildFile; fileRef = 03A5624428D8F6FF005CE7CA /* PostsViewController.swift */; };
		03A5624828D8F6FF005CE7CA /* Main.storyboard in Resources */ = {isa = PBXBuildFile; fileRef = 03A5624628D8F6FF005CE7CA /* Main.storyboard */; };
		03A5624B28D8F6FF005CE7CA /* alligator.xcdatamodeld in Sources */ = {isa = PBXBuildFile; fileRef = 03A5624928D8F6FF005CE7CA /* alligator.xcdatamodeld */; };
		03A5624D28D8F704005CE7CA /* Assets.xcassets in Resources */ = {isa = PBXBuildFile; fileRef = 03A5624C28D8F704005CE7CA /* Assets.xcassets */; };
		03A5625028D8F704005CE7CA /* LaunchScreen.storyboard in Resources */ = {isa = PBXBuildFile; fileRef = 03A5624E28D8F704005CE7CA /* LaunchScreen.storyboard */; };
/* End PBXBuildFile section */

/* Begin PBXFileReference section */
		03190EB628D9ED460006A517 /* PostsViewModel.swift */ = {isa = PBXFileReference; lastKnownFileType = sourcecode.swift; path = PostsViewModel.swift; sourceTree = "<group>"; };
		03190EB928D9EEB70006A517 /* PostsModel.swift */ = {isa = PBXFileReference; lastKnownFileType = sourcecode.swift; path = PostsModel.swift; sourceTree = "<group>"; };
		03190EBB28D9F6110006A517 /* PostsEntity.swift */ = {isa = PBXFileReference; lastKnownFileType = sourcecode.swift; path = PostsEntity.swift; sourceTree = "<group>"; };
		03190EC228D9FBD00006A517 /* PostsTableViewCell.swift */ = {isa = PBXFileReference; lastKnownFileType = sourcecode.swift; path = PostsTableViewCell.swift; sourceTree = "<group>"; };
		03190EC328D9FBD00006A517 /* PostsTableViewCell.xib */ = {isa = PBXFileReference; lastKnownFileType = file.xib; path = PostsTableViewCell.xib; sourceTree = "<group>"; };
		03A5623D28D8F6FF005CE7CA /* alligator.app */ = {isa = PBXFileReference; explicitFileType = wrapper.application; includeInIndex = 0; path = alligator.app; sourceTree = BUILT_PRODUCTS_DIR; };
		03A5624028D8F6FF005CE7CA /* AppDelegate.swift */ = {isa = PBXFileReference; lastKnownFileType = sourcecode.swift; path = AppDelegate.swift; sourceTree = "<group>"; };
		03A5624228D8F6FF005CE7CA /* SceneDelegate.swift */ = {isa = PBXFileReference; lastKnownFileType = sourcecode.swift; path = SceneDelegate.swift; sourceTree = "<group>"; };
		03A5624428D8F6FF005CE7CA /* PostsViewController.swift */ = {isa = PBXFileReference; lastKnownFileType = sourcecode.swift; path = PostsViewController.swift; sourceTree = "<group>"; };
		03A5624728D8F6FF005CE7CA /* Base */ = {isa = PBXFileReference; lastKnownFileType = file.storyboard; name = Base; path = Base.lproj/Main.storyboard; sourceTree = "<group>"; };
		03A5624A28D8F6FF005CE7CA /* alligator.xcdatamodel */ = {isa = PBXFileReference; lastKnownFileType = wrapper.xcdatamodel; path = alligator.xcdatamodel; sourceTree = "<group>"; };
		03A5624C28D8F704005CE7CA /* Assets.xcassets */ = {isa = PBXFileReference; lastKnownFileType = folder.assetcatalog; path = Assets.xcassets; sourceTree = "<group>"; };
		03A5624F28D8F704005CE7CA /* Base */ = {isa = PBXFileReference; lastKnownFileType = file.storyboard; name = Base; path = Base.lproj/LaunchScreen.storyboard; sourceTree = "<group>"; };
		03A5625128D8F704005CE7CA /* Info.plist */ = {isa = PBXFileReference; lastKnownFileType = text.plist.xml; path = Info.plist; sourceTree = "<group>"; };
/* End PBXFileReference section */

/* Begin PBXFrameworksBuildPhase section */
		03A5623A28D8F6FF005CE7CA /* Frameworks */ = {
			isa = PBXFrameworksBuildPhase;
			buildActionMask = 2147483647;
			files = (
			);
			runOnlyForDeploymentPostprocessing = 0;
		};
/* End PBXFrameworksBuildPhase section */

/* Begin PBXGroup section */
		03190EB428D9EB720006A517 /* View */ = {
			isa = PBXGroup;
			children = (
				03190EC328D9FBD00006A517 /* PostsTableViewCell.xib */,
				03190EC228D9FBD00006A517 /* PostsTableViewCell.swift */,
				03A5624428D8F6FF005CE7CA /* PostsViewController.swift */,
			);
			path = View;
			sourceTree = "<group>";
		};
		03190EB528D9ED040006A517 /* VM */ = {
			isa = PBXGroup;
			children = (
				03190EB628D9ED460006A517 /* PostsViewModel.swift */,
			);
			path = VM;
			sourceTree = "<group>";
		};
		03190EB828D9EEA30006A517 /* Model */ = {
			isa = PBXGroup;
			children = (
				03190EBB28D9F6110006A517 /* PostsEntity.swift */,
				03190EB928D9EEB70006A517 /* PostsModel.swift */,
			);
			path = Model;
			sourceTree = "<group>";
		};
		03190EBD28D9F9360006A517 /* app */ = {
			isa = PBXGroup;
			children = (
				03A5624628D8F6FF005CE7CA /* Main.storyboard */,
				03A5624E28D8F704005CE7CA /* LaunchScreen.storyboard */,
				03A5624028D8F6FF005CE7CA /* AppDelegate.swift */,
				03A5624228D8F6FF005CE7CA /* SceneDelegate.swift */,
			);
			path = app;
			sourceTree = "<group>";
		};
		03A5623428D8F6FF005CE7CA = {
			isa = PBXGroup;
			children = (
				03A5623F28D8F6FF005CE7CA /* alligator */,
				03A5623E28D8F6FF005CE7CA /* Products */,
			);
			sourceTree = "<group>";
		};
		03A5623E28D8F6FF005CE7CA /* Products */ = {
			isa = PBXGroup;
			children = (
				03A5623D28D8F6FF005CE7CA /* alligator.app */,
			);
			name = Products;
			sourceTree = "<group>";
		};
		03A5623F28D8F6FF005CE7CA /* alligator */ = {
			isa = PBXGroup;
			children = (
				03A5624C28D8F704005CE7CA /* Assets.xcassets */,
				03A5624928D8F6FF005CE7CA /* alligator.xcdatamodeld */,
				03A5625128D8F704005CE7CA /* Info.plist */,
				03FAB3A028DAFE2D003B04AB /* PostsPage */,
				03190EBD28D9F9360006A517 /* app */,
			);
			path = alligator;
			sourceTree = "<group>";
		};
		03FAB3A028DAFE2D003B04AB /* PostsPage */ = {
			isa = PBXGroup;
			children = (
				03190EB828D9EEA30006A517 /* Model */,
				03190EB428D9EB720006A517 /* View */,
				03190EB528D9ED040006A517 /* VM */,
			);
			path = PostsPage;
			sourceTree = "<group>";
		};
/* End PBXGroup section */

/* Begin PBXNativeTarget section */
		03A5623C28D8F6FF005CE7CA /* alligator */ = {
			isa = PBXNativeTarget;
			buildConfigurationList = 03A5625428D8F704005CE7CA /* Build configuration list for PBXNativeTarget "alligator" */;
			buildPhases = (
				03A5623928D8F6FF005CE7CA /* Sources */,
				03A5623A28D8F6FF005CE7CA /* Frameworks */,
				03A5623B28D8F6FF005CE7CA /* Resources */,
			);
			buildRules = (
			);
			dependencies = (
			);
			name = alligator;
			productName = alligator;
			productReference = 03A5623D28D8F6FF005CE7CA /* alligator.app */;
			productType = "com.apple.product-type.application";
		};
/* End PBXNativeTarget section */

/* Begin PBXProject section */
		03A5623528D8F6FF005CE7CA /* Project object */ = {
			isa = PBXProject;
			attributes = {
				BuildIndependentTargetsInParallel = 1;
				LastSwiftUpdateCheck = 1340;
				LastUpgradeCheck = 1340;
				TargetAttributes = {
					03A5623C28D8F6FF005CE7CA = {
						CreatedOnToolsVersion = 13.4;
					};
				};
			};
			buildConfigurationList = 03A5623828D8F6FF005CE7CA /* Build configuration list for PBXProject "alligator" */;
			compatibilityVersion = "Xcode 13.0";
			developmentRegion = en;
			hasScannedForEncodings = 0;
			knownRegions = (
				en,
				Base,
			);
			mainGroup = 03A5623428D8F6FF005CE7CA;
			productRefGroup = 03A5623E28D8F6FF005CE7CA /* Products */;
			projectDirPath = "";
			projectRoot = "";
			targets = (
				03A5623C28D8F6FF005CE7CA /* alligator */,
			);
		};
/* End PBXProject section */

/* Begin PBXResourcesBuildPhase section */
		03A5623B28D8F6FF005CE7CA /* Resources */ = {
			isa = PBXResourcesBuildPhase;
			buildActionMask = 2147483647;
			files = (
				03A5625028D8F704005CE7CA /* LaunchScreen.storyboard in Resources */,
				03A5624D28D8F704005CE7CA /* Assets.xcassets in Resources */,
				03A5624828D8F6FF005CE7CA /* Main.storyboard in Resources */,
				03190EC528D9FBD00006A517 /* PostsTableViewCell.xib in Resources */,
			);
			runOnlyForDeploymentPostprocessing = 0;
		};
/* End PBXResourcesBuildPhase section */

/* Begin PBXSourcesBuildPhase section */
		03A5623928D8F6FF005CE7CA /* Sources */ = {
			isa = PBXSourcesBuildPhase;
			buildActionMask = 2147483647;
			files = (
				03A5624528D8F6FF005CE7CA /* PostsViewController.swift in Sources */,
				03190EB728D9ED460006A517 /* PostsViewModel.swift in Sources */,
				03A5624B28D8F6FF005CE7CA /* alligator.xcdatamodeld in Sources */,
				03A5624128D8F6FF005CE7CA /* AppDelegate.swift in Sources */,
				03A5624328D8F6FF005CE7CA /* SceneDelegate.swift in Sources */,
				03190EBA28D9EEB70006A517 /* PostsModel.swift in Sources */,
				03190EBC28D9F6110006A517 /* PostsEntity.swift in Sources */,
				03190EC428D9FBD00006A517 /* PostsTableViewCell.swift in Sources */,
			);
			runOnlyForDeploymentPostprocessing = 0;
		};
/* End PBXSourcesBuildPhase section */

/* Begin PBXVariantGroup section */
		03A5624628D8F6FF005CE7CA /* Main.storyboard */ = {
			isa = PBXVariantGroup;
			children = (
				03A5624728D8F6FF005CE7CA /* Base */,
			);
			name = Main.storyboard;
			sourceTree = "<group>";
		};
		03A5624E28D8F704005CE7CA /* LaunchScreen.storyboard */ = {
			isa = PBXVariantGroup;
			children = (
				03A5624F28D8F704005CE7CA /* Base */,
			);
			name = LaunchScreen.storyboard;
			sourceTree = "<group>";
		};
/* End PBXVariantGroup section */

/* Begin XCBuildConfiguration section */
		03A5625228D8F704005CE7CA /* Debug */ = {
			isa = XCBuildConfiguration;
			buildSettings = {
				ALWAYS_SEARCH_USER_PATHS = NO;
				CLANG_ANALYZER_NONNULL = YES;
				CLANG_ANALYZER_NUMBER_OBJECT_CONVERSION = YES_AGGRESSIVE;
				CLANG_CXX_LANGUAGE_STANDARD = "gnu++17";
				CLANG_ENABLE_MODULES = YES;
				CLANG_ENABLE_OBJC_ARC = YES;
				CLANG_ENABLE_OBJC_WEAK = YES;
				CLANG_WARN_BLOCK_CAPTURE_AUTORELEASING = YES;
				CLANG_WARN_BOOL_CONVERSION = YES;
				CLANG_WARN_COMMA = YES;
				CLANG_WARN_CONSTANT_CONVERSION = YES;
				CLANG_WARN_DEPRECATED_OBJC_IMPLEMENTATIONS = YES;
				CLANG_WARN_DIRECT_OBJC_ISA_USAGE = YES_ERROR;
				CLANG_WARN_DOCUMENTATION_COMMENTS = YES;
				CLANG_WARN_EMPTY_BODY = YES;
				CLANG_WARN_ENUM_CONVERSION = YES;
				CLANG_WARN_INFINITE_RECURSION = YES;
				CLANG_WARN_INT_CONVERSION = YES;
				CLANG_WARN_NON_LITERAL_NULL_CONVERSION = YES;
				CLANG_WARN_OBJC_IMPLICIT_RETAIN_SELF = YES;
				CLANG_WARN_OBJC_LITERAL_CONVERSION = YES;
				CLANG_WARN_OBJC_ROOT_CLASS = YES_ERROR;
				CLANG_WARN_QUOTED_INCLUDE_IN_FRAMEWORK_HEADER = YES;
				CLANG_WARN_RANGE_LOOP_ANALYSIS = YES;
				CLANG_WARN_STRICT_PROTOTYPES = YES;
				CLANG_WARN_SUSPICIOUS_MOVE = YES;
				CLANG_WARN_UNGUARDED_AVAILABILITY = YES_AGGRESSIVE;
				CLANG_WARN_UNREACHABLE_CODE = YES;
				CLANG_WARN__DUPLICATE_METHOD_MATCH = YES;
				COPY_PHASE_STRIP = NO;
				DEBUG_INFORMATION_FORMAT = dwarf;
				ENABLE_STRICT_OBJC_MSGSEND = YES;
				ENABLE_TESTABILITY = YES;
				GCC_C_LANGUAGE_STANDARD = gnu11;
				GCC_DYNAMIC_NO_PIC = NO;
				GCC_NO_COMMON_BLOCKS = YES;
				GCC_OPTIMIZATION_LEVEL = 0;
				GCC_PREPROCESSOR_DEFINITIONS = (
					"DEBUG=1",
					"$(inherited)",
				);
				GCC_WARN_64_TO_32_BIT_CONVERSION = YES;
				GCC_WARN_ABOUT_RETURN_TYPE = YES_ERROR;
				GCC_WARN_UNDECLARED_SELECTOR = YES;
				GCC_WARN_UNINITIALIZED_AUTOS = YES_AGGRESSIVE;
				GCC_WARN_UNUSED_FUNCTION = YES;
				GCC_WARN_UNUSED_VARIABLE = YES;
				IPHONEOS_DEPLOYMENT_TARGET = 15.5;
				MTL_ENABLE_DEBUG_INFO = INCLUDE_SOURCE;
				MTL_FAST_MATH = YES;
				ONLY_ACTIVE_ARCH = YES;
				SDKROOT = iphoneos;
				SWIFT_ACTIVE_COMPILATION_CONDITIONS = DEBUG;
				SWIFT_OPTIMIZATION_LEVEL = "-Onone";
			};
			name = Debug;
		};
		03A5625328D8F704005CE7CA /* Release */ = {
			isa = XCBuildConfiguration;
			buildSettings = {
				ALWAYS_SEARCH_USER_PATHS = NO;
				CLANG_ANALYZER_NONNULL = YES;
				CLANG_ANALYZER_NUMBER_OBJECT_CONVERSION = YES_AGGRESSIVE;
				CLANG_CXX_LANGUAGE_STANDARD = "gnu++17";
				CLANG_ENABLE_MODULES = YES;
				CLANG_ENABLE_OBJC_ARC = YES;
				CLANG_ENABLE_OBJC_WEAK = YES;
				CLANG_WARN_BLOCK_CAPTURE_AUTORELEASING = YES;
				CLANG_WARN_BOOL_CONVERSION = YES;
				CLANG_WARN_COMMA = YES;
				CLANG_WARN_CONSTANT_CONVERSION = YES;
				CLANG_WARN_DEPRECATED_OBJC_IMPLEMENTATIONS = YES;
				CLANG_WARN_DIRECT_OBJC_ISA_USAGE = YES_ERROR;
				CLANG_WARN_DOCUMENTATION_COMMENTS = YES;
				CLANG_WARN_EMPTY_BODY = YES;
				CLANG_WARN_ENUM_CONVERSION = YES;
				CLANG_WARN_INFINITE_RECURSION = YES;
				CLANG_WARN_INT_CONVERSION = YES;
				CLANG_WARN_NON_LITERAL_NULL_CONVERSION = YES;
				CLANG_WARN_OBJC_IMPLICIT_RETAIN_SELF = YES;
				CLANG_WARN_OBJC_LITERAL_CONVERSION = YES;
				CLANG_WARN_OBJC_ROOT_CLASS = YES_ERROR;
				CLANG_WARN_QUOTED_INCLUDE_IN_FRAMEWORK_HEADER = YES;
				CLANG_WARN_RANGE_LOOP_ANALYSIS = YES;
				CLANG_WARN_STRICT_PROTOTYPES = YES;
				CLANG_WARN_SUSPICIOUS_MOVE = YES;
				CLANG_WARN_UNGUARDED_AVAILABILITY = YES_AGGRESSIVE;
				CLANG_WARN_UNREACHABLE_CODE = YES;
				CLANG_WARN__DUPLICATE_METHOD_MATCH = YES;
				COPY_PHASE_STRIP = NO;
				DEBUG_INFORMATION_FORMAT = "dwarf-with-dsym";
				ENABLE_NS_ASSERTIONS = NO;
				ENABLE_STRICT_OBJC_MSGSEND = YES;
				GCC_C_LANGUAGE_STANDARD = gnu11;
				GCC_NO_COMMON_BLOCKS = YES;
				GCC_WARN_64_TO_32_BIT_CONVERSION = YES;
				GCC_WARN_ABOUT_RETURN_TYPE = YES_ERROR;
				GCC_WARN_UNDECLARED_SELECTOR = YES;
				GCC_WARN_UNINITIALIZED_AUTOS = YES_AGGRESSIVE;
				GCC_WARN_UNUSED_FUNCTION = YES;
				GCC_WARN_UNUSED_VARIABLE = YES;
				IPHONEOS_DEPLOYMENT_TARGET = 15.5;
				MTL_ENABLE_DEBUG_INFO = NO;
				MTL_FAST_MATH = YES;
				SDKROOT = iphoneos;
				SWIFT_COMPILATION_MODE = wholemodule;
				SWIFT_OPTIMIZATION_LEVEL = "-O";
				VALIDATE_PRODUCT = YES;
			};
			name = Release;
		};
		03A5625528D8F704005CE7CA /* Debug */ = {
			isa = XCBuildConfiguration;
			buildSettings = {
				ASSETCATALOG_COMPILER_APPICON_NAME = AppIcon;
				ASSETCATALOG_COMPILER_GLOBAL_ACCENT_COLOR_NAME = AccentColor;
				CODE_SIGN_STYLE = Automatic;
				CURRENT_PROJECT_VERSION = 1;
				DEVELOPMENT_TEAM = A3LU4KVXCV;
				GENERATE_INFOPLIST_FILE = YES;
				INFOPLIST_FILE = alligator/Info.plist;
				INFOPLIST_KEY_UIApplicationSupportsIndirectInputEvents = YES;
				INFOPLIST_KEY_UILaunchStoryboardName = LaunchScreen;
				INFOPLIST_KEY_UIMainStoryboardFile = Main;
				INFOPLIST_KEY_UISupportedInterfaceOrientations = UIInterfaceOrientationPortrait;
				INFOPLIST_KEY_UISupportedInterfaceOrientations_iPad = "UIInterfaceOrientationPortrait UIInterfaceOrientationPortraitUpsideDown UIInterfaceOrientationLandscapeLeft UIInterfaceOrientationLandscapeRight";
				INFOPLIST_KEY_UISupportedInterfaceOrientations_iPhone = "UIInterfaceOrientationPortrait UIInterfaceOrientationLandscapeLeft UIInterfaceOrientationLandscapeRight";
				LD_RUNPATH_SEARCH_PATHS = (
					"$(inherited)",
					"@executable_path/Frameworks",
				);
				MARKETING_VERSION = 1.0;
				PRODUCT_BUNDLE_IDENTIFIER = com.ayberkmogol.alligator;
				PRODUCT_NAME = "$(TARGET_NAME)";
				SWIFT_EMIT_LOC_STRINGS = YES;
				SWIFT_VERSION = 5.0;
				TARGETED_DEVICE_FAMILY = "1,2";
			};
			name = Debug;
		};
		03A5625628D8F704005CE7CA /* Release */ = {
			isa = XCBuildConfiguration;
			buildSettings = {
				ASSETCATALOG_COMPILER_APPICON_NAME = AppIcon;
				ASSETCATALOG_COMPILER_GLOBAL_ACCENT_COLOR_NAME = AccentColor;
				CODE_SIGN_STYLE = Automatic;
				CURRENT_PROJECT_VERSION = 1;
				DEVELOPMENT_TEAM = A3LU4KVXCV;
				GENERATE_INFOPLIST_FILE = YES;
				INFOPLIST_FILE = alligator/Info.plist;
				INFOPLIST_KEY_UIApplicationSupportsIndirectInputEvents = YES;
				INFOPLIST_KEY_UILaunchStoryboardName = LaunchScreen;
				INFOPLIST_KEY_UIMainStoryboardFile = Main;
				INFOPLIST_KEY_UISupportedInterfaceOrientations = UIInterfaceOrientationPortrait;
				INFOPLIST_KEY_UISupportedInterfaceOrientations_iPad = "UIInterfaceOrientationPortrait UIInterfaceOrientationPortraitUpsideDown UIInterfaceOrientationLandscapeLeft UIInterfaceOrientationLandscapeRight";
				INFOPLIST_KEY_UISupportedInterfaceOrientations_iPhone = "UIInterfaceOrientationPortrait UIInterfaceOrientationLandscapeLeft UIInterfaceOrientationLandscapeRight";
				LD_RUNPATH_SEARCH_PATHS = (
					"$(inherited)",
					"@executable_path/Frameworks",
				);
				MARKETING_VERSION = 1.0;
				PRODUCT_BUNDLE_IDENTIFIER = com.ayberkmogol.alligator;
				PRODUCT_NAME = "$(TARGET_NAME)";
				SWIFT_EMIT_LOC_STRINGS = YES;
				SWIFT_VERSION = 5.0;
				TARGETED_DEVICE_FAMILY = "1,2";
			};
			name = Release;
		};
/* End XCBuildConfiguration section */

/* Begin XCConfigurationList section */
		03A5623828D8F6FF005CE7CA /* Build configuration list for PBXProject "alligator" */ = {
			isa = XCConfigurationList;
			buildConfigurations = (
				03A5625228D8F704005CE7CA /* Debug */,
				03A5625328D8F704005CE7CA /* Release */,
			);
			defaultConfigurationIsVisible = 0;
			defaultConfigurationName = Release;
		};
		03A5625428D8F704005CE7CA /* Build configuration list for PBXNativeTarget "alligator" */ = {
			isa = XCConfigurationList;
			buildConfigurations = (
				03A5625528D8F704005CE7CA /* Debug */,
				03A5625628D8F704005CE7CA /* Release */,
			);
			defaultConfigurationIsVisible = 0;
			defaultConfigurationName = Release;
		};
/* End XCConfigurationList section */

/* Begin XCVersionGroup section */
		03A5624928D8F6FF005CE7CA /* alligator.xcdatamodeld */ = {
			isa = XCVersionGroup;
			children = (
				03A5624A28D8F6FF005CE7CA /* alligator.xcdatamodel */,
			);
			currentVersion = 03A5624A28D8F6FF005CE7CA /* alligator.xcdatamodel */;
			path = alligator.xcdatamodeld;
			sourceTree = "<group>";
			versionGroupType = wrapper.xcdatamodel;
		};
/* End XCVersionGroup section */
	};
	rootObject = 03A5623528D8F6FF005CE7CA /* Project object */;
}
